
Microsoft Visual Studio Solution File, Format Version 12.00
# Visual Studio 2013
VisualStudioVersion = 12.0.21005.1
MinimumVisualStudioVersion = 10.0.40219.1
Project("{FAE04EC0-301F-11D3-BF4B-00C04F79EFBC}") = "WriteToRaven", "WriteToRaven\WriteToRaven.csproj", "{ED260B19-6350-4F5F-BBD7-D41941D68E37}"
EndProject
Project("{FAE04EC0-301F-11D3-BF4B-00C04F79EFBC}") = "ReadFromRaven", "ReadFromRaven\ReadFromRaven.csproj", "{2CE8A844-026C-4B7A-9CC3-0D544ED3B465}"
EndProject
Project("{FAE04EC0-301F-11D3-BF4B-00C04F79EFBC}") = "RMDB", "RMDB\RMDB.csproj", "{FE2DAF2D-1801-4B89-82B4-552C314338F9}"
EndProject
Project("{FAE04EC0-301F-11D3-BF4B-00C04F79EFBC}") = "ActorsFromMovies", "ActorsFromMovies\ActorsFromMovies.csproj", "{588782D8-5556-4419-A4E3-167E6D05813E}"
EndProject
Project("{FAE04EC0-301F-11D3-BF4B-00C04F79EFBC}") = "RavenDocument", "RavenDocument\RavenDocument.csproj", "{E156BCE4-7CBA-47D6-B519-90565848F0E6}"
EndProject
Global
	GlobalSection(SolutionConfigurationPlatforms) = preSolution
		Debug|Any CPU = Debug|Any CPU
		Release|Any CPU = Release|Any CPU
	EndGlobalSection
	GlobalSection(ProjectConfigurationPlatforms) = postSolution
		{ED260B19-6350-4F5F-BBD7-D41941D68E37}.Debug|Any CPU.ActiveCfg = Debug|Any CPU
		{ED260B19-6350-4F5F-BBD7-D41941D68E37}.Debug|Any CPU.Build.0 = Debug|Any CPU
		{ED260B19-6350-4F5F-BBD7-D41941D68E37}.Release|Any CPU.ActiveCfg = Release|Any CPU
		{ED260B19-6350-4F5F-BBD7-D41941D68E37}.Release|Any CPU.Build.0 = Release|Any CPU
		{2CE8A844-026C-4B7A-9CC3-0D544ED3B465}.Debug|Any CPU.ActiveCfg = Debug|Any CPU
		{2CE8A844-026C-4B7A-9CC3-0D544ED3B465}.Debug|Any CPU.Build.0 = Debug|Any CPU
		{2CE8A844-026C-4B7A-9CC3-0D544ED3B465}.Release|Any CPU.ActiveCfg = Release|Any CPU
		{2CE8A844-026C-4B7A-9CC3-0D544ED3B465}.Release|Any CPU.Build.0 = Release|Any CPU
		{FE2DAF2D-1801-4B89-82B4-552C314338F9}.Debug|Any CPU.ActiveCfg = Debug|Any CPU
		{FE2DAF2D-1801-4B89-82B4-552C314338F9}.Debug|Any CPU.Build.0 = Debug|Any CPU
		{FE2DAF2D-1801-4B89-82B4-552C314338F9}.Release|Any CPU.ActiveCfg = Release|Any CPU
		{FE2DAF2D-1801-4B89-82B4-552C314338F9}.Release|Any CPU.Build.0 = Release|Any CPU
		{588782D8-5556-4419-A4E3-167E6D05813E}.Debug|Any CPU.ActiveCfg = Debug|Any CPU
		{588782D8-5556-4419-A4E3-167E6D05813E}.Debug|Any CPU.Build.0 = Debug|Any CPU
		{588782D8-5556-4419-A4E3-167E6D05813E}.Release|Any CPU.ActiveCfg = Release|Any CPU
		{588782D8-5556-4419-A4E3-167E6D05813E}.Release|Any CPU.Build.0 = Release|Any CPU
		{E156BCE4-7CBA-47D6-B519-90565848F0E6}.Debug|Any CPU.ActiveCfg = Debug|Any CPU
		{E156BCE4-7CBA-47D6-B519-90565848F0E6}.Debug|Any CPU.Build.0 = Debug|Any CPU
		{E156BCE4-7CBA-47D6-B519-90565848F0E6}.Release|Any CPU.ActiveCfg = Release|Any CPU
		{E156BCE4-7CBA-47D6-B519-90565848F0E6}.Release|Any CPU.Build.0 = Release|Any CPU
	EndGlobalSection
	GlobalSection(SolutionProperties) = preSolution
		HideSolutionNode = FALSE
	EndGlobalSection
EndGlobal
